lockfileVersion: '9.0'

settings:
  autoInstallPeers: true
  excludeLinksFromLockfile: false

importers:

  .:
    dependencies:
      '@takazudo/zfb':
        specifier: 0.1.0-next.96
        version: 0.1.0-next.96
      '@takazudo/zfb-runtime':
        specifier: 0.1.0-next.96
        version: 0.1.0-next.96(@takazudo/zfb@0.1.0-next.96)
      preact:
        specifier: ^10.22.0
        version: 10.29.2
      preact-render-to-string:
        specifier: ^6.5.0
        version: 6.7.0(preact@10.29.2)
    devDependencies:
      '@types/node':
        specifier: ^22.0.0
        version: 22.19.19
      typescript:
        specifier: ^5.9.3
        version: 5.9.3

packages:

  '@takazudo/zfb-darwin-arm64@0.1.0-next.96':
    resolution: {integrity: sha512-SD2m8kLePy5Woz7IO7rX/CANt/3rNvau+HRwsH7bXZSfvofXdXcKhfSU13091qJA76A82nbJQMmWavXSSpm77g==}
    cpu: [arm64]
    os: [darwin]

  '@takazudo/zfb-darwin-x64@0.1.0-next.96':
    resolution: {integrity: sha512-w/zeK6J1IGpHfy3grcPfD+0rlkJorQjQP3+7y655JeonQpu/dj0GC9YTB+BYJ3hWZuN3sGDWr1U/Ko5mH1eqYw==}
    cpu: [x64]
    os: [darwin]

  '@takazudo/zfb-linux-arm64-gnu@0.1.0-next.96':
    resolution: {integrity: sha512-gVDXAUx3XyXhcpET07Y1NvPiu01wgmun8w/l1IT6VxLTxCnfkcjKWJZldpWUjg29T0Il+MNwkOtrVvESjnB5zA==}
    cpu: [arm64]
    os: [linux]

  '@takazudo/zfb-linux-x64-gnu@0.1.0-next.96':
    resolution: {integrity: sha512-4ALhFgEaiaGAqJaiv7+rGucG9HCY2OOZyrhwMzv5UqCKCcV0ej8U+JN2NLmALmk5Z0gGYZHYNL8lxfMzZJ+Uxw==}
    cpu: [x64]
    os: [linux]

  '@takazudo/zfb-runtime@0.1.0-next.96':
    resolution: {integrity: sha512-6RQoBY9g2DzwG7mf3Gq6/FT+uUu5jaPZRXgbwobkp92EovMzPTYQE7kpbrKaWkza6Qq29kmbQtoYfNJFi9e8hg==}
    engines: {node: '>=22.0.0', pnpm: '>=10.0.0'}
    peerDependencies:
      '@takazudo/zfb': 0.1.0-next.96
      react: ^19.2.3
    peerDependenciesMeta:
      react:
        optional: true

  '@takazudo/zfb-win32-x64-msvc@0.1.0-next.96':
    resolution: {integrity: sha512-5ZkPaKUldPGe2ovlnIpOWlQmt/aJ5cKUBVPS8pIZ0qXxogmKN1AhB8V0JV2PVBkUUIc5g+u96FsC7j1D6aZz2g==}
    cpu: [x64]
    os: [win32]

  '@takazudo/zfb@0.1.0-next.96':
    resolution: {integrity: sha512-hy93xub1uMFHoBaUDgLlRTvx2abdwYIQR+aYRefFZD6oyXbSW3NCUJ6nNiwfWB/jQv5y88kbM6ss5//GD3PuZw==}
    engines: {node: '>=22.0.0', pnpm: '>=10.0.0'}
    hasBin: true
    peerDependencies:
      react: ^19.2.3
    peerDependenciesMeta:
      react:
        optional: true

  '@types/node@22.19.19':
    resolution: {integrity: sha512-dyh/xO2Fh5bYrfWaaqGrRQQGkNdmYw6AmaAUvYeUMNTWQtvb796ikLdmTchRmOlOiIJ1TDXfWgVx1QkUlQ6Hew==}

  hono@4.12.28:
    resolution: {integrity: sha512-YwUvVpSF7m1yOblFPrU3Hbo8XhPheBoiyfGuII6z19LnOr6JpDnyyp7LFNrfV56wS8tpvtBFGRISHN02pDdLOA==}
    engines: {node: '>=16.9.0'}

  preact-render-to-string@6.7.0:
    resolution: {integrity: sha512-Z4WR8fmLMRpdYqJ9i7vrlXSsSrxVJydwrkEXHapexfARbWfGb7vGcnvNQnIzN0cXciMVOlz/XLoiMCi9gUsy9Q==}
    peerDependencies:
      preact: '>=10 || >= 11.0.0-0'

  preact@10.29.2:
    resolution: {integrity: sha512-7tNmwg/7mzzAoB/8kSg6Hl37JraAZw3Z3A0JSY7VXlZwo82Xn0G7wKbNNs2qoF4ZEEsQGTwDAroNdqKs1ofJxQ==}

  typescript@5.9.3:
    resolution: {integrity: sha512-jl1vZzPDinLr9eUt3J/t7V6FgNEw9QjvBPdysz9KfQDD41fQrC2Y4vKQdiaUpFT4bXlb1RHhLpp8wtm6M5TgSw==}
    engines: {node: '>=14.17'}
    hasBin: true

  undici-types@6.21.0:
    resolution: {integrity: sha512-iwDZqg0QAGrg9Rav5H4n0M64c3mkR59cJ6wQp+7C4nI0gsmExaedaYLNO44eT4AtBBwjbTiGPMlt2Md0T9H9JQ==}

snapshots:

  '@takazudo/zfb-darwin-arm64@0.1.0-next.96':
    optional: true

  '@takazudo/zfb-darwin-x64@0.1.0-next.96':
    optional: true

  '@takazudo/zfb-linux-arm64-gnu@0.1.0-next.96':
    optional: true

  '@takazudo/zfb-linux-x64-gnu@0.1.0-next.96':
    optional: true

  '@takazudo/zfb-runtime@0.1.0-next.96(@takazudo/zfb@0.1.0-next.96)':
    dependencies:
      '@takazudo/zfb': 0.1.0-next.96
      hono: 4.12.28

  '@takazudo/zfb-win32-x64-msvc@0.1.0-next.96':
    optional: true

  '@takazudo/zfb@0.1.0-next.96':
    optionalDependencies:
      '@takazudo/zfb-darwin-arm64': 0.1.0-next.96
      '@takazudo/zfb-darwin-x64': 0.1.0-next.96
      '@takazudo/zfb-linux-arm64-gnu': 0.1.0-next.96
      '@takazudo/zfb-linux-x64-gnu': 0.1.0-next.96
      '@takazudo/zfb-win32-x64-msvc': 0.1.0-next.96

  '@types/node@22.19.19':
    dependencies:
      undici-types: 6.21.0

  hono@4.12.28: {}

  preact-render-to-string@6.7.0(preact@10.29.2):
    dependencies:
      preact: 10.29.2

  preact@10.29.2: {}

  typescript@5.9.3: {}

  undici-types@6.21.0: {}
