lockfileVersion: '9.0'

settings:
  autoInstallPeers: true
  excludeLinksFromLockfile: false

importers:

  .:
    dependencies:
      '@takazudo/zfb':
        specifier: 2.3.0
        version: 2.3.0
      '@takazudo/zfb-runtime':
        specifier: 2.3.0
        version: 2.3.0(@takazudo/zfb@2.3.0)
      preact:
        specifier: ^10.22.0
        version: 10.29.2
      preact-render-to-string:
        specifier: ^6.5.0
        version: 6.7.0(preact@10.29.2)
    devDependencies:
      '@types/node':
        specifier: ^22.0.0
        version: 22.19.19
      typescript:
        specifier: ^5.9.3
        version: 5.9.3

packages:

  '@takazudo/zfb-darwin-arm64@2.3.0':
    resolution: {integrity: sha512-w6UYzpmJaHvS4gtC9CVkrpsC/J92RKogP9GuGMVE+ckzu3of+pPX7Qi3x8Vd+EwIjuxIhKdqZ+3kQTLnXGdBcg==}
    cpu: [arm64]
    os: [darwin]

  '@takazudo/zfb-darwin-x64@2.3.0':
    resolution: {integrity: sha512-HnCDo1kuh7uMAxwh2rkEsgzo47jujPA2YLIroyXvjIZ1XkiT80p7MFykQe6pSs4DYlLn2JohlG51dg3Z0Yhz9g==}
    cpu: [x64]
    os: [darwin]

  '@takazudo/zfb-linux-arm64-gnu@2.3.0':
    resolution: {integrity: sha512-ialvf937SDm3CukbLxInqltHYFg5zplk6ubiFdw2O1CYsbYGGkYUt43wrvureJJ3exHYAvNJzGH7vV9g5heeTQ==}
    cpu: [arm64]
    os: [linux]

  '@takazudo/zfb-linux-x64-gnu@2.3.0':
    resolution: {integrity: sha512-IEBh5MOS9VFmd0zCzl13QA9TK7/0ubnUq+NBOsw4EiKFOjQ640k99ZTQD9A1C7acx80VBkZqqbx9ZWexYT0mGg==}
    cpu: [x64]
    os: [linux]

  '@takazudo/zfb-runtime@2.3.0':
    resolution: {integrity: sha512-KV8gdQue4BIOAEgzeTNXQtcimhhk8oT6+V0Xr0SUzgHgVSFYbg6mfDvC/16dgL7dR9d35zjIW3P/4dAWPmbiRw==}
    engines: {node: '>=22.0.0', pnpm: '>=10.0.0'}
    peerDependencies:
      '@takazudo/zfb': 2.3.0
      react: ^19.2.3
    peerDependenciesMeta:
      react:
        optional: true

  '@takazudo/zfb-win32-x64-msvc@2.3.0':
    resolution: {integrity: sha512-WwKdMUNDGgfNzSdxiMg2C7OZgbNmhMP5pegNZliUGlRsntuMNe67yjtdoAOjtEELWENIMz2rmG/XCxfn7TorWw==}
    cpu: [x64]
    os: [win32]

  '@takazudo/zfb@2.3.0':
    resolution: {integrity: sha512-rHTaEQdYDHEoxL+KffADWY7NSMnaHt/tFN9fcz4vgPrq2wIrvVRz+G16sgrQ1WS8Yox6P6OwZ7qvip5CIobbpg==}
    engines: {node: '>=22.0.0', pnpm: '>=10.0.0'}
    hasBin: true
    peerDependencies:
      react: ^19.2.3
    peerDependenciesMeta:
      react:
        optional: true

  '@types/node@22.19.19':
    resolution: {integrity: sha512-dyh/xO2Fh5bYrfWaaqGrRQQGkNdmYw6AmaAUvYeUMNTWQtvb796ikLdmTchRmOlOiIJ1TDXfWgVx1QkUlQ6Hew==}

  hono@4.12.28:
    resolution: {integrity: sha512-YwUvVpSF7m1yOblFPrU3Hbo8XhPheBoiyfGuII6z19LnOr6JpDnyyp7LFNrfV56wS8tpvtBFGRISHN02pDdLOA==}
    engines: {node: '>=16.9.0'}

  preact-render-to-string@6.7.0:
    resolution: {integrity: sha512-Z4WR8fmLMRpdYqJ9i7vrlXSsSrxVJydwrkEXHapexfARbWfGb7vGcnvNQnIzN0cXciMVOlz/XLoiMCi9gUsy9Q==}
    peerDependencies:
      preact: '>=10 || >= 11.0.0-0'

  preact@10.29.2:
    resolution: {integrity: sha512-7tNmwg/7mzzAoB/8kSg6Hl37JraAZw3Z3A0JSY7VXlZwo82Xn0G7wKbNNs2qoF4ZEEsQGTwDAroNdqKs1ofJxQ==}

  typescript@5.9.3:
    resolution: {integrity: sha512-jl1vZzPDinLr9eUt3J/t7V6FgNEw9QjvBPdysz9KfQDD41fQrC2Y4vKQdiaUpFT4bXlb1RHhLpp8wtm6M5TgSw==}
    engines: {node: '>=14.17'}
    hasBin: true

  undici-types@6.21.0:
    resolution: {integrity: sha512-iwDZqg0QAGrg9Rav5H4n0M64c3mkR59cJ6wQp+7C4nI0gsmExaedaYLNO44eT4AtBBwjbTiGPMlt2Md0T9H9JQ==}

snapshots:

  '@takazudo/zfb-darwin-arm64@2.3.0':
    optional: true

  '@takazudo/zfb-darwin-x64@2.3.0':
    optional: true

  '@takazudo/zfb-linux-arm64-gnu@2.3.0':
    optional: true

  '@takazudo/zfb-linux-x64-gnu@2.3.0':
    optional: true

  '@takazudo/zfb-runtime@2.3.0(@takazudo/zfb@2.3.0)':
    dependencies:
      '@takazudo/zfb': 2.3.0
      hono: 4.12.28

  '@takazudo/zfb-win32-x64-msvc@2.3.0':
    optional: true

  '@takazudo/zfb@2.3.0':
    optionalDependencies:
      '@takazudo/zfb-darwin-arm64': 2.3.0
      '@takazudo/zfb-darwin-x64': 2.3.0
      '@takazudo/zfb-linux-arm64-gnu': 2.3.0
      '@takazudo/zfb-linux-x64-gnu': 2.3.0
      '@takazudo/zfb-win32-x64-msvc': 2.3.0

  '@types/node@22.19.19':
    dependencies:
      undici-types: 6.21.0

  hono@4.12.28: {}

  preact-render-to-string@6.7.0(preact@10.29.2):
    dependencies:
      preact: 10.29.2

  preact@10.29.2: {}

  typescript@5.9.3: {}

  undici-types@6.21.0: {}
