lockfileVersion: '9.0'

settings:
  autoInstallPeers: true
  excludeLinksFromLockfile: false

importers:

  .:
    dependencies:
      '@takazudo/zfb':
        specifier: 0.1.0-next.31
        version: 0.1.0-next.31
      '@takazudo/zfb-runtime':
        specifier: 0.1.0-next.31
        version: 0.1.0-next.31(@takazudo/zfb@0.1.0-next.31)
      preact:
        specifier: ^10.22.0
        version: 10.29.2
      preact-render-to-string:
        specifier: ^6.5.0
        version: 6.7.0(preact@10.29.2)
    devDependencies:
      '@types/node':
        specifier: ^22.0.0
        version: 22.19.19
      typescript:
        specifier: ^5.9.3
        version: 5.9.3

packages:

  '@takazudo/zfb-darwin-arm64@0.1.0-next.31':
    resolution: {integrity: sha512-Pt6iXcy302mi4F3GiOXgk1s728jvzyV/ZBHSb1fdaAYocpnmjT1w2UIxiL7U8qAEmLyEypbL4gAkXfxgG7WGrA==}
    cpu: [arm64]
    os: [darwin]

  '@takazudo/zfb-darwin-x64@0.1.0-next.31':
    resolution: {integrity: sha512-BJltKp/sRhEUOIEjXlBw3OxXzu34ky5uNeuu2lEeed9Qy0N5AGUMZwarrNI5D/4RHzbqv2Xwj7or5AqrnJa2Gg==}
    cpu: [x64]
    os: [darwin]

  '@takazudo/zfb-linux-arm64-gnu@0.1.0-next.31':
    resolution: {integrity: sha512-q5t0w6vnfb+oA/J/HYKsKaad6BrfqHd+sFOsq8nkkqIUP2c0Yl7md3hhyGMqeKVSwj8jQlXddcdsK5nZiaoRgA==}
    cpu: [arm64]
    os: [linux]

  '@takazudo/zfb-linux-x64-gnu@0.1.0-next.31':
    resolution: {integrity: sha512-zKRg2oIMBXzP7JheXRnzgZPtXKymgvQP+EtxC/Zm6t/8mpv2WoCGyvlel3dRhk+rChU2AgpGIvzh+Ne/npJF+w==}
    cpu: [x64]
    os: [linux]

  '@takazudo/zfb-runtime@0.1.0-next.31':
    resolution: {integrity: sha512-om6vpF8/EHuAtt4tQh1Iw1M8Ik1UIIIt7sQ06FyERJ9FzHLHKFkrUYh4VUlI+mmOydNm2hpsSzkDv0LJwDjoww==}
    engines: {node: '>=22.0.0', pnpm: '>=10.0.0'}
    peerDependencies:
      '@takazudo/zfb': 0.1.0-next.31

  '@takazudo/zfb-win32-x64-msvc@0.1.0-next.31':
    resolution: {integrity: sha512-h1iqf0QQWI+2PnVqDA1qPWSpq5ffFEFecSLzpmEkKSZc9BqWJf1v6kt5sFgAevvPP6vZHdwpjHSLAp1yZDgung==}
    cpu: [x64]
    os: [win32]

  '@takazudo/zfb@0.1.0-next.31':
    resolution: {integrity: sha512-ozdkn50w4UplGmvdWBG16xs6e82xxeLlgWmD+mdooRVjZ8amdDQxlY09uVqI/iS5n/6BzCpJ+KVcyqYfHuuKLQ==}
    engines: {node: '>=22.0.0', pnpm: '>=10.0.0'}
    hasBin: true

  '@types/node@22.19.19':
    resolution: {integrity: sha512-dyh/xO2Fh5bYrfWaaqGrRQQGkNdmYw6AmaAUvYeUMNTWQtvb796ikLdmTchRmOlOiIJ1TDXfWgVx1QkUlQ6Hew==}

  hono@4.12.23:
    resolution: {integrity: sha512-eIaZ9qDgu7XV0pxOCrg7/WhnQ6Ivm22UcxhXx/A3dcbqbbYgBEkc6e/J/s7j2tS96zoB0S9VBdLwQNCWwUo4LA==}
    engines: {node: '>=16.9.0'}

  preact-render-to-string@6.7.0:
    resolution: {integrity: sha512-Z4WR8fmLMRpdYqJ9i7vrlXSsSrxVJydwrkEXHapexfARbWfGb7vGcnvNQnIzN0cXciMVOlz/XLoiMCi9gUsy9Q==}
    peerDependencies:
      preact: '>=10 || >= 11.0.0-0'

  preact@10.29.2:
    resolution: {integrity: sha512-7tNmwg/7mzzAoB/8kSg6Hl37JraAZw3Z3A0JSY7VXlZwo82Xn0G7wKbNNs2qoF4ZEEsQGTwDAroNdqKs1ofJxQ==}

  typescript@5.9.3:
    resolution: {integrity: sha512-jl1vZzPDinLr9eUt3J/t7V6FgNEw9QjvBPdysz9KfQDD41fQrC2Y4vKQdiaUpFT4bXlb1RHhLpp8wtm6M5TgSw==}
    engines: {node: '>=14.17'}
    hasBin: true

  undici-types@6.21.0:
    resolution: {integrity: sha512-iwDZqg0QAGrg9Rav5H4n0M64c3mkR59cJ6wQp+7C4nI0gsmExaedaYLNO44eT4AtBBwjbTiGPMlt2Md0T9H9JQ==}

snapshots:

  '@takazudo/zfb-darwin-arm64@0.1.0-next.31':
    optional: true

  '@takazudo/zfb-darwin-x64@0.1.0-next.31':
    optional: true

  '@takazudo/zfb-linux-arm64-gnu@0.1.0-next.31':
    optional: true

  '@takazudo/zfb-linux-x64-gnu@0.1.0-next.31':
    optional: true

  '@takazudo/zfb-runtime@0.1.0-next.31(@takazudo/zfb@0.1.0-next.31)':
    dependencies:
      '@takazudo/zfb': 0.1.0-next.31
      hono: 4.12.23

  '@takazudo/zfb-win32-x64-msvc@0.1.0-next.31':
    optional: true

  '@takazudo/zfb@0.1.0-next.31':
    optionalDependencies:
      '@takazudo/zfb-darwin-arm64': 0.1.0-next.31
      '@takazudo/zfb-darwin-x64': 0.1.0-next.31
      '@takazudo/zfb-linux-arm64-gnu': 0.1.0-next.31
      '@takazudo/zfb-linux-x64-gnu': 0.1.0-next.31
      '@takazudo/zfb-win32-x64-msvc': 0.1.0-next.31

  '@types/node@22.19.19':
    dependencies:
      undici-types: 6.21.0

  hono@4.12.23: {}

  preact-render-to-string@6.7.0(preact@10.29.2):
    dependencies:
      preact: 10.29.2

  preact@10.29.2: {}

  typescript@5.9.3: {}

  undici-types@6.21.0: {}
